
Microsoft Visual Studio Solution File, Format Version 12.00
# Visual Studio Version 17
VisualStudioVersion = 17.8.34330.188
MinimumVisualStudioVersion = 10.0.40219.1
Project("{FAE04EC0-301F-11D3-BF4B-00C04F79EFBC}") = "BaiTapC5_2", "BaiTapC5_2.csproj", "{D128F992-FAA9-43CB-8929-CA2B2FC24663}"
EndProject
Global
	GlobalSection(SolutionConfigurationPlatforms) = preSolution
		Debug|Any CPU = Debug|Any CPU
		Release|Any CPU = Release|Any CPU
	EndGlobalSection
	GlobalSection(ProjectConfigurationPlatforms) = postSolution
		{D128F992-FAA9-43CB-8929-CA2B2FC24663}.Debug|Any CPU.ActiveCfg = Debug|Any CPU
		{D128F992-FAA9-43CB-8929-CA2B2FC24663}.Debug|Any CPU.Build.0 = Debug|Any CPU
		{D128F992-FAA9-43CB-8929-CA2B2FC24663}.Release|Any CPU.ActiveCfg = Release|Any CPU
		{D128F992-FAA9-43CB-8929-CA2B2FC24663}.Release|Any CPU.Build.0 = Release|Any CPU
	EndGlobalSection
	GlobalSection(SolutionProperties) = preSolution
		HideSolutionNode = FALSE
	EndGlobalSection
	GlobalSection(ExtensibilityGlobals) = postSolution
		SolutionGuid = {61B2A625-89E6-43FA-89F5-4200F8282984}
	EndGlobalSection
EndGlobal
