
Microsoft Visual Studio Solution File, Format Version 12.00
# Visual Studio Version 17
VisualStudioVersion = 17.8.34330.188
MinimumVisualStudioVersion = 10.0.40219.1
Project("{FAE04EC0-301F-11D3-BF4B-00C04F79EFBC}") = "test_1", "test_1.csproj", "{A1428011-BB00-46E3-8474-9C79D40C4829}"
EndProject
Global
	GlobalSection(SolutionConfigurationPlatforms) = preSolution
		Debug|Any CPU = Debug|Any CPU
		Release|Any CPU = Release|Any CPU
	EndGlobalSection
	GlobalSection(ProjectConfigurationPlatforms) = postSolution
		{A1428011-BB00-46E3-8474-9C79D40C4829}.Debug|Any CPU.ActiveCfg = Debug|Any CPU
		{A1428011-BB00-46E3-8474-9C79D40C4829}.Debug|Any CPU.Build.0 = Debug|Any CPU
		{A1428011-BB00-46E3-8474-9C79D40C4829}.Release|Any CPU.ActiveCfg = Release|Any CPU
		{A1428011-BB00-46E3-8474-9C79D40C4829}.Release|Any CPU.Build.0 = Release|Any CPU
	EndGlobalSection
	GlobalSection(SolutionProperties) = preSolution
		HideSolutionNode = FALSE
	EndGlobalSection
	GlobalSection(ExtensibilityGlobals) = postSolution
		SolutionGuid = {4541DCCF-BD13-4640-93B6-FA067499E99A}
	EndGlobalSection
EndGlobal
